{
  "name": "didn-ssh-sandboxes",
  "lockfileVersion": 2,
  "requires": true,
  "packages": {
    "": {
      "name": "didn-ssh-sandboxes",
      "dependencies": {
        "dockerode": "2.2.10",
        "node-rsa": "0.3.2",
        "ssh2": "0.5.0"
      },
      "engines": {
        "node": ">=0.10.0"
      }
    },
    "node_modules/asn1": {
      "version": "0.2.3",
      "resolved": "http://10.137.137.151:4873/asn1/-/asn1-0.2.3.tgz",
      "integrity": "sha1-2sh4dxPJlmhJ/IGAd36+nB3fO4Y=",
      "license": "MIT"
    },
    "node_modules/core-util-is": {
      "version": "1.0.3",
      "resolved": "http://10.137.137.151:4873/core-util-is/-/core-util-is-1.0.3.tgz",
      "integrity": "sha512-ZQBvi1DcpJ4GDqanjucZ2Hj3wEO5pZDS89BWbkcrvdxksJorwUDDZamX9ldFkp9aw2lmBDLgkObEA4DWNJ9FYQ==",
      "license": "MIT"
    },
    "node_modules/debug": {
      "version": "2.6.9",
      "resolved": "http://10.137.137.151:4873/debug/-/debug-2.6.9.tgz",
      "integrity": "sha512-bC7ElrdJaJnPbAP+1EotYvqZsb3ecl5wi6Bfi6BJTUcNowp6cvspg0jXznRTKDjm/E7AdgFBVeAPVMNcKGsHMA==",
      "license": "MIT",
      "dependencies": {
        "ms": "2.0.0"
      }
    },
    "node_modules/docker-modem": {
      "version": "0.3.7",
      "resolved": "http://10.137.137.151:4873/docker-modem/-/docker-modem-0.3.7.tgz",
      "integrity": "sha1-P1ENCfXTNNwhNCKPkr00RnEiffQ=",
      "license": "Apache-2.0",
      "dependencies": {
        "debug": "^2.6.0",
        "JSONStream": "0.10.0",
        "readable-stream": "~1.0.26-4",
        "split-ca": "^1.0.0"
      },
      "engines": {
        "node": ">= 0.8"
      }
    },
    "node_modules/dockerode": {
      "version": "2.2.10",
      "resolved": "http://10.137.137.151:4873/dockerode/-/dockerode-2.2.10.tgz",
      "integrity": "sha1-DmH61/92z1B39faURtkNtVTMGNo=",
      "license": "Apache-2.0",
      "dependencies": {
        "docker-modem": "0.3.x"
      },
      "engines": {
        "node": ">= 0.8"
      }
    },
    "node_modules/inherits": {
      "version": "2.0.4",
      "resolved": "http://10.137.137.151:4873/inherits/-/inherits-2.0.4.tgz",
      "integrity": "sha512-k/vGaX4/Yla3WzyMCvTQOXYeIHvqOKtnqBduzTHpzpQZzAskKMhZ2K+EnBiSM9zGSoIFeMpXKxa4dYeZIQqewQ==",
      "license": "ISC"
    },
    "node_modules/isarray": {
      "version": "0.0.1",
      "resolved": "http://10.137.137.151:4873/isarray/-/isarray-0.0.1.tgz",
      "integrity": "sha1-ihis/Kmo9Bd+Cav8YDiTmwXR7t8=",
      "license": "MIT"
    },
    "node_modules/jsonparse": {
      "version": "0.0.5",
      "resolved": "http://10.137.137.151:4873/jsonparse/-/jsonparse-0.0.5.tgz",
      "integrity": "sha1-MwVCrT8KZUZlt3jz6y2an6UHrGQ=",
      "engines": [
        "node >= 0.2.0"
      ],
      "license": "MIT"
    },
    "node_modules/JSONStream": {
      "version": "0.10.0",
      "resolved": "http://10.137.137.151:4873/JSONStream/-/JSONStream-0.10.0.tgz",
      "integrity": "sha1-dDSdDYlSK3HzDwoD/5vSDKbxKsA=",
      "dependencies": {
        "jsonparse": "0.0.5",
        "through": ">=2.2.7 <3"
      },
      "bin": {
        "JSONStream": "index.js"
      },
      "engines": {
        "node": "*"
      }
    },
    "node_modules/ms": {
      "version": "2.0.0",
      "resolved": "http://10.137.137.151:4873/ms/-/ms-2.0.0.tgz",
      "integrity": "sha1-VgiurfwAvmwpAd9fmGF4jeDVl8g=",
      "license": "MIT"
    },
    "node_modules/node-rsa": {
      "version": "0.3.2",
      "resolved": "http://10.137.137.151:4873/node-rsa/-/node-rsa-0.3.2.tgz",
      "integrity": "sha1-rZgz54R7Tm4S9bCpXOkF/68ZMa0=",
      "license": "BSD",
      "dependencies": {
        "asn1": "0.2.3"
      }
    },
    "node_modules/readable-stream": {
      "version": "1.0.34",
      "resolved": "http://10.137.137.151:4873/readable-stream/-/readable-stream-1.0.34.tgz",
      "integrity": "sha1-Elgg40vIQtLyqq+v5MKRbuMsFXw=",
      "license": "MIT",
      "dependencies": {
        "core-util-is": "~1.0.0",
        "inherits": "~2.0.1",
        "isarray": "0.0.1",
        "string_decoder": "~0.10.x"
      }
    },
    "node_modules/semver": {
      "version": "5.7.1",
      "resolved": "http://10.137.137.151:4873/semver/-/semver-5.7.1.tgz",
      "integrity": "sha512-sauaDf/PZdVgrLTNYHRtpXa1iRiKcaebiKQ1BJdpQlWH2lCvexQdX55snPFyK7QzpudqbCI0qXFfOasHdyNDGQ==",
      "license": "ISC",
      "bin": {
        "semver": "bin/semver"
      }
    },
    "node_modules/split-ca": {
      "version": "1.0.1",
      "resolved": "http://10.137.137.151:4873/split-ca/-/split-ca-1.0.1.tgz",
      "integrity": "sha1-bIOv82kvphJW4M0ZfgXp3hV2kaY=",
      "license": "ISC"
    },
    "node_modules/ssh2": {
      "version": "0.5.0",
      "resolved": "http://10.137.137.151:4873/ssh2/-/ssh2-0.5.0.tgz",
      "integrity": "sha1-jlAflcFjN+IfrirAxuXnc1SwB5k=",
      "dependencies": {
        "ssh2-streams": "~0.1.0"
      },
      "engines": {
        "node": ">=0.10.0"
      }
    },
    "node_modules/ssh2-streams": {
      "version": "0.1.20",
      "resolved": "http://10.137.137.151:4873/ssh2-streams/-/ssh2-streams-0.1.20.tgz",
      "integrity": "sha1-URGNFUVV31Rp7h9n4M8efoosDjo=",
      "dependencies": {
        "asn1": "~0.2.0",
        "semver": "^5.1.0",
        "streamsearch": "~0.1.2"
      },
      "engines": {
        "node": ">=0.10.0"
      }
    },
    "node_modules/streamsearch": {
      "version": "0.1.2",
      "resolved": "http://10.137.137.151:4873/streamsearch/-/streamsearch-0.1.2.tgz",
      "integrity": "sha1-gIudDlb8Jz2Am6VzOOkpkZoanxo=",
      "engines": {
        "node": ">=0.8.0"
      }
    },
    "node_modules/string_decoder": {
      "version": "0.10.31",
      "resolved": "http://10.137.137.151:4873/string_decoder/-/string_decoder-0.10.31.tgz",
      "integrity": "sha1-YuIDvEF2bGwoyfyEMB2rHFMQ+pQ=",
      "license": "MIT"
    },
    "node_modules/through": {
      "version": "2.3.8",
      "resolved": "http://10.137.137.151:4873/through/-/through-2.3.8.tgz",
      "integrity": "sha1-DdTJ/6q8NXlgsbckEV1+Doai4fU=",
      "license": "MIT"
    }
  },
  "dependencies": {
    "asn1": {
      "version": "0.2.3",
      "resolved": "http://10.137.137.151:4873/asn1/-/asn1-0.2.3.tgz",
      "integrity": "sha1-2sh4dxPJlmhJ/IGAd36+nB3fO4Y="
    },
    "core-util-is": {
      "version": "1.0.3",
      "resolved": "http://10.137.137.151:4873/core-util-is/-/core-util-is-1.0.3.tgz",
      "integrity": "sha512-ZQBvi1DcpJ4GDqanjucZ2Hj3wEO5pZDS89BWbkcrvdxksJorwUDDZamX9ldFkp9aw2lmBDLgkObEA4DWNJ9FYQ=="
    },
    "debug": {
      "version": "2.6.9",
      "resolved": "http://10.137.137.151:4873/debug/-/debug-2.6.9.tgz",
      "integrity": "sha512-bC7ElrdJaJnPbAP+1EotYvqZsb3ecl5wi6Bfi6BJTUcNowp6cvspg0jXznRTKDjm/E7AdgFBVeAPVMNcKGsHMA==",
      "requires": {
        "ms": "2.0.0"
      }
    },
    "docker-modem": {
      "version": "0.3.7",
      "resolved": "http://10.137.137.151:4873/docker-modem/-/docker-modem-0.3.7.tgz",
      "integrity": "sha1-P1ENCfXTNNwhNCKPkr00RnEiffQ=",
      "requires": {
        "debug": "^2.6.0",
        "JSONStream": "0.10.0",
        "readable-stream": "~1.0.26-4",
        "split-ca": "^1.0.0"
      }
    },
    "dockerode": {
      "version": "2.2.10",
      "resolved": "http://10.137.137.151:4873/dockerode/-/dockerode-2.2.10.tgz",
      "integrity": "sha1-DmH61/92z1B39faURtkNtVTMGNo=",
      "requires": {
        "docker-modem": "0.3.x"
      }
    },
    "inherits": {
      "version": "2.0.4",
      "resolved": "http://10.137.137.151:4873/inherits/-/inherits-2.0.4.tgz",
      "integrity": "sha512-k/vGaX4/Yla3WzyMCvTQOXYeIHvqOKtnqBduzTHpzpQZzAskKMhZ2K+EnBiSM9zGSoIFeMpXKxa4dYeZIQqewQ=="
    },
    "isarray": {
      "version": "0.0.1",
      "resolved": "http://10.137.137.151:4873/isarray/-/isarray-0.0.1.tgz",
      "integrity": "sha1-ihis/Kmo9Bd+Cav8YDiTmwXR7t8="
    },
    "jsonparse": {
      "version": "0.0.5",
      "resolved": "http://10.137.137.151:4873/jsonparse/-/jsonparse-0.0.5.tgz",
      "integrity": "sha1-MwVCrT8KZUZlt3jz6y2an6UHrGQ="
    },
    "JSONStream": {
      "version": "0.10.0",
      "resolved": "http://10.137.137.151:4873/JSONStream/-/JSONStream-0.10.0.tgz",
      "integrity": "sha1-dDSdDYlSK3HzDwoD/5vSDKbxKsA=",
      "requires": {
        "jsonparse": "0.0.5",
        "through": ">=2.2.7 <3"
      }
    },
    "ms": {
      "version": "2.0.0",
      "resolved": "http://10.137.137.151:4873/ms/-/ms-2.0.0.tgz",
      "integrity": "sha1-VgiurfwAvmwpAd9fmGF4jeDVl8g="
    },
    "node-rsa": {
      "version": "0.3.2",
      "resolved": "http://10.137.137.151:4873/node-rsa/-/node-rsa-0.3.2.tgz",
      "integrity": "sha1-rZgz54R7Tm4S9bCpXOkF/68ZMa0=",
      "requires": {
        "asn1": "0.2.3"
      }
    },
    "readable-stream": {
      "version": "1.0.34",
      "resolved": "http://10.137.137.151:4873/readable-stream/-/readable-stream-1.0.34.tgz",
      "integrity": "sha1-Elgg40vIQtLyqq+v5MKRbuMsFXw=",
      "requires": {
        "core-util-is": "~1.0.0",
        "inherits": "~2.0.1",
        "isarray": "0.0.1",
        "string_decoder": "~0.10.x"
      }
    },
    "semver": {
      "version": "5.7.1",
      "resolved": "http://10.137.137.151:4873/semver/-/semver-5.7.1.tgz",
      "integrity": "sha512-sauaDf/PZdVgrLTNYHRtpXa1iRiKcaebiKQ1BJdpQlWH2lCvexQdX55snPFyK7QzpudqbCI0qXFfOasHdyNDGQ=="
    },
    "split-ca": {
      "version": "1.0.1",
      "resolved": "http://10.137.137.151:4873/split-ca/-/split-ca-1.0.1.tgz",
      "integrity": "sha1-bIOv82kvphJW4M0ZfgXp3hV2kaY="
    },
    "ssh2": {
      "version": "0.5.0",
      "resolved": "http://10.137.137.151:4873/ssh2/-/ssh2-0.5.0.tgz",
      "integrity": "sha1-jlAflcFjN+IfrirAxuXnc1SwB5k=",
      "requires": {
        "ssh2-streams": "~0.1.0"
      }
    },
    "ssh2-streams": {
      "version": "0.1.20",
      "resolved": "http://10.137.137.151:4873/ssh2-streams/-/ssh2-streams-0.1.20.tgz",
      "integrity": "sha1-URGNFUVV31Rp7h9n4M8efoosDjo=",
      "requires": {
        "asn1": "~0.2.0",
        "semver": "^5.1.0",
        "streamsearch": "~0.1.2"
      }
    },
    "streamsearch": {
      "version": "0.1.2",
      "resolved": "http://10.137.137.151:4873/streamsearch/-/streamsearch-0.1.2.tgz",
      "integrity": "sha1-gIudDlb8Jz2Am6VzOOkpkZoanxo="
    },
    "string_decoder": {
      "version": "0.10.31",
      "resolved": "http://10.137.137.151:4873/string_decoder/-/string_decoder-0.10.31.tgz",
      "integrity": "sha1-YuIDvEF2bGwoyfyEMB2rHFMQ+pQ="
    },
    "through": {
      "version": "2.3.8",
      "resolved": "http://10.137.137.151:4873/through/-/through-2.3.8.tgz",
      "integrity": "sha1-DdTJ/6q8NXlgsbckEV1+Doai4fU="
    }
  }
}
